
Microsoft Visual Studio Solution File, Format Version 12.00
# Visual Studio Version 16
VisualStudioVersion = 25.0.1706.5
MinimumVisualStudioVersion = 10.0.40219.1
Project("{FAE04EC0-301F-11D3-BF4B-00C04F79EFBC}") = "ShopOnline.Api", "ShopOnline.Api\ShopOnline.Api.csproj", "{A049CAF7-DD51-477C-AF5D-6DC1A046D92B}"
EndProject
Project("{FAE04EC0-301F-11D3-BF4B-00C04F79EFBC}") = "ShopOnline.Models", "ShopOnline.Models\ShopOnline.Models.csproj", "{6F8EE69A-D4CA-472A-84BF-6F7B9FAE935A}"
EndProject
Project("{FAE04EC0-301F-11D3-BF4B-00C04F79EFBC}") = "ShopOnline.WebApplication", "ShopOnline.WebApplication\ShopOnline.WebApplication.csproj", "{BC4EB324-C029-42F7-834C-690C685F29ED}"
EndProject
Global
	GlobalSection(SolutionConfigurationPlatforms) = preSolution
		Debug|Any CPU = Debug|Any CPU
		Release|Any CPU = Release|Any CPU
	EndGlobalSection
	GlobalSection(ProjectConfigurationPlatforms) = postSolution
		{A049CAF7-DD51-477C-AF5D-6DC1A046D92B}.Debug|Any CPU.ActiveCfg = Debug|Any CPU
		{A049CAF7-DD51-477C-AF5D-6DC1A046D92B}.Debug|Any CPU.Build.0 = Debug|Any CPU
		{A049CAF7-DD51-477C-AF5D-6DC1A046D92B}.Release|Any CPU.ActiveCfg = Release|Any CPU
		{A049CAF7-DD51-477C-AF5D-6DC1A046D92B}.Release|Any CPU.Build.0 = Release|Any CPU
		{6F8EE69A-D4CA-472A-84BF-6F7B9FAE935A}.Debug|Any CPU.ActiveCfg = Debug|Any CPU
		{6F8EE69A-D4CA-472A-84BF-6F7B9FAE935A}.Debug|Any CPU.Build.0 = Debug|Any CPU
		{6F8EE69A-D4CA-472A-84BF-6F7B9FAE935A}.Release|Any CPU.ActiveCfg = Release|Any CPU
		{6F8EE69A-D4CA-472A-84BF-6F7B9FAE935A}.Release|Any CPU.Build.0 = Release|Any CPU
		{BC4EB324-C029-42F7-834C-690C685F29ED}.Debug|Any CPU.ActiveCfg = Debug|Any CPU
		{BC4EB324-C029-42F7-834C-690C685F29ED}.Debug|Any CPU.Build.0 = Debug|Any CPU
		{BC4EB324-C029-42F7-834C-690C685F29ED}.Release|Any CPU.ActiveCfg = Release|Any CPU
		{BC4EB324-C029-42F7-834C-690C685F29ED}.Release|Any CPU.Build.0 = Release|Any CPU
	EndGlobalSection
	GlobalSection(SolutionProperties) = preSolution
		HideSolutionNode = FALSE
	EndGlobalSection
	GlobalSection(ExtensibilityGlobals) = postSolution
		SolutionGuid = {CB235A31-4160-4B88-912E-D3F346D2E18B}
	EndGlobalSection
EndGlobal
